
Microsoft Visual Studio Solution File, Format Version 12.00
Project("{FAE04EC0-301F-11D3-BF4B-00C04F79EFBC}") = "Charity.WebApp", "Charity.WebApp\Charity.WebApp.csproj", "{D480F69A-1124-4A4B-9A6A-7AA0E4F985C9}"
EndProject
Project("{FAE04EC0-301F-11D3-BF4B-00C04F79EFBC}") = "Charity.Domain", "Charity.Domain\Charity.Domain.csproj", "{516084E8-ED0F-4E0E-ABA5-7F6F06FD073B}"
EndProject
Project("{FAE04EC0-301F-11D3-BF4B-00C04F79EFBC}") = "Charity.BusinessLogic", "Charity.BusinessLogic\Charity.BusinessLogic.csproj", "{56E6944E-D7AD-43D6-B002-04CE371920B1}"
EndProject
Project("{2150E333-8FDC-42A3-9474-1A3956D46DE8}") = "Adapters", "Adapters", "{38B634E4-FCC2-49CA-9B4F-B5D19D9B0239}"
EndProject
Project("{FAE04EC0-301F-11D3-BF4B-00C04F79EFBC}") = "Charity.RepositoryInMemory", "Charity.RepositoryInMemory\Charity.RepositoryInMemory.csproj", "{475B5D09-B1AF-4B2B-83B6-329056F8DEE5}"
EndProject
Project("{FAE04EC0-301F-11D3-BF4B-00C04F79EFBC}") = "Charity.RepositoryEf", "Charity.RepositoryEf\Charity.RepositoryEf.csproj", "{89821477-0ED7-4A82-A802-D53D7BED0EF7}"
EndProject
Global
	GlobalSection(SolutionConfigurationPlatforms) = preSolution
		Debug|Any CPU = Debug|Any CPU
		Release|Any CPU = Release|Any CPU
	EndGlobalSection
	GlobalSection(ProjectConfigurationPlatforms) = postSolution
		{D480F69A-1124-4A4B-9A6A-7AA0E4F985C9}.Debug|Any CPU.ActiveCfg = Debug|Any CPU
		{D480F69A-1124-4A4B-9A6A-7AA0E4F985C9}.Debug|Any CPU.Build.0 = Debug|Any CPU
		{D480F69A-1124-4A4B-9A6A-7AA0E4F985C9}.Release|Any CPU.ActiveCfg = Release|Any CPU
		{D480F69A-1124-4A4B-9A6A-7AA0E4F985C9}.Release|Any CPU.Build.0 = Release|Any CPU
		{516084E8-ED0F-4E0E-ABA5-7F6F06FD073B}.Debug|Any CPU.ActiveCfg = Debug|Any CPU
		{516084E8-ED0F-4E0E-ABA5-7F6F06FD073B}.Debug|Any CPU.Build.0 = Debug|Any CPU
		{516084E8-ED0F-4E0E-ABA5-7F6F06FD073B}.Release|Any CPU.ActiveCfg = Release|Any CPU
		{516084E8-ED0F-4E0E-ABA5-7F6F06FD073B}.Release|Any CPU.Build.0 = Release|Any CPU
		{56E6944E-D7AD-43D6-B002-04CE371920B1}.Debug|Any CPU.ActiveCfg = Debug|Any CPU
		{56E6944E-D7AD-43D6-B002-04CE371920B1}.Debug|Any CPU.Build.0 = Debug|Any CPU
		{56E6944E-D7AD-43D6-B002-04CE371920B1}.Release|Any CPU.ActiveCfg = Release|Any CPU
		{56E6944E-D7AD-43D6-B002-04CE371920B1}.Release|Any CPU.Build.0 = Release|Any CPU
		{475B5D09-B1AF-4B2B-83B6-329056F8DEE5}.Debug|Any CPU.ActiveCfg = Debug|Any CPU
		{475B5D09-B1AF-4B2B-83B6-329056F8DEE5}.Debug|Any CPU.Build.0 = Debug|Any CPU
		{475B5D09-B1AF-4B2B-83B6-329056F8DEE5}.Release|Any CPU.ActiveCfg = Release|Any CPU
		{475B5D09-B1AF-4B2B-83B6-329056F8DEE5}.Release|Any CPU.Build.0 = Release|Any CPU
		{89821477-0ED7-4A82-A802-D53D7BED0EF7}.Debug|Any CPU.ActiveCfg = Debug|Any CPU
		{89821477-0ED7-4A82-A802-D53D7BED0EF7}.Debug|Any CPU.Build.0 = Debug|Any CPU
		{89821477-0ED7-4A82-A802-D53D7BED0EF7}.Release|Any CPU.ActiveCfg = Release|Any CPU
		{89821477-0ED7-4A82-A802-D53D7BED0EF7}.Release|Any CPU.Build.0 = Release|Any CPU
	EndGlobalSection
	GlobalSection(NestedProjects) = preSolution
		{475B5D09-B1AF-4B2B-83B6-329056F8DEE5} = {38B634E4-FCC2-49CA-9B4F-B5D19D9B0239}
		{89821477-0ED7-4A82-A802-D53D7BED0EF7} = {38B634E4-FCC2-49CA-9B4F-B5D19D9B0239}
	EndGlobalSection
EndGlobal
